// !$*UTF8*$!
{
	archiveVersion = 1;
	classes = {
	};
	objectVersion = 56;
	objects = {

/* Begin PBXBuildFile section */
		C7A4CC132BBF9491001F3BE5 /* coStarApp.swift in Sources */ = {isa = PBXBuildFile; fileRef = C7A4CC122BBF9491001F3BE5 /* coStarApp.swift */; };
		C7A4CC152BBF9491001F3BE5 /* ContentView.swift in Sources */ = {isa = PBXBuildFile; fileRef = C7A4CC142BBF9491001F3BE5 /* ContentView.swift */; };
		C7A4CC172BBF9493001F3BE5 /* Assets.xcassets in Resources */ = {isa = PBXBuildFile; fileRef = C7A4CC162BBF9493001F3BE5 /* Assets.xcassets */; };
		C7A4CC1A2BBF9493001F3BE5 /* Preview Assets.xcassets in Resources */ = {isa = PBXBuildFile; fileRef = C7A4CC192BBF9493001F3BE5 /* Preview Assets.xcassets */; };
		C7A4CC212BBF96E9001F3BE5 /* LoadingView.swift in Sources */ = {isa = PBXBuildFile; fileRef = C7A4CC202BBF96E9001F3BE5 /* LoadingView.swift */; };
		C7A4CC232BBF9DAB001F3BE5 /* EndLoadView.swift in Sources */ = {isa = PBXBuildFile; fileRef = C7A4CC222BBF9DAA001F3BE5 /* EndLoadView.swift */; };
		C7A4CC282BBFA6FE001F3BE5 /* Consolas.ttf in Resources */ = {isa = PBXBuildFile; fileRef = C7A4CC272BBFA6FE001F3BE5 /* Consolas.ttf */; };
		C7B7EBCD2BD5927900254A01 /* SearchBarView.swift in Sources */ = {isa = PBXBuildFile; fileRef = C7B7EBCC2BD5927900254A01 /* SearchBarView.swift */; };
		C7B7EBCF2BD5A4EF00254A01 /* FriendAddView.swift in Sources */ = {isa = PBXBuildFile; fileRef = C7B7EBCE2BD5A4EF00254A01 /* FriendAddView.swift */; };
		C7B7EBD12BD616A600254A01 /* UpdateView.swift in Sources */ = {isa = PBXBuildFile; fileRef = C7B7EBD02BD616A600254A01 /* UpdateView.swift */; };
		C7B7EBD32BD616B700254A01 /* ChartView.swift in Sources */ = {isa = PBXBuildFile; fileRef = C7B7EBD22BD616B700254A01 /* ChartView.swift */; };
		C7B7EBD52BD616DC00254A01 /* SavedView.swift in Sources */ = {isa = PBXBuildFile; fileRef = C7B7EBD42BD616DC00254A01 /* SavedView.swift */; };
		C7B7EBD72BD616FC00254A01 /* SettingView.swift in Sources */ = {isa = PBXBuildFile; fileRef = C7B7EBD62BD616FC00254A01 /* SettingView.swift */; };
		C7B7EBDB2BD61E7500254A01 /* UpdateyView.swift in Sources */ = {isa = PBXBuildFile; fileRef = C7B7EBDA2BD61E7500254A01 /* UpdateyView.swift */; };
		C7CD64462BD4E02800EF296D /* ProfileView.swift in Sources */ = {isa = PBXBuildFile; fileRef = C7CD64452BD4E02800EF296D /* ProfileView.swift */; };
		C7F706EC2BCF9E85008F7244 /* OPTIRomanaRoman-Normal.otf in Resources */ = {isa = PBXBuildFile; fileRef = C7F706EB2BCF9E85008F7244 /* OPTIRomanaRoman-Normal.otf */; };
		C7F706EE2BD1AEC4008F7244 /* FriendsView.swift in Sources */ = {isa = PBXBuildFile; fileRef = C7F706ED2BD1AEC4008F7244 /* FriendsView.swift */; };
		C7F706F02BD1B28C008F7244 /* ShopView.swift in Sources */ = {isa = PBXBuildFile; fileRef = C7F706EF2BD1B28C008F7244 /* ShopView.swift */; };
		C7F706F22BD1B2BB008F7244 /* YouView.swift in Sources */ = {isa = PBXBuildFile; fileRef = C7F706F12BD1B2BB008F7244 /* YouView.swift */; };
		C7F706F62BD1DC64008F7244 /* FemaleMaleView.swift in Sources */ = {isa = PBXBuildFile; fileRef = C7F706F52BD1DC63008F7244 /* FemaleMaleView.swift */; };
		C7F706F92BD1DFA8008F7244 /* profile.swift in Sources */ = {isa = PBXBuildFile; fileRef = C7F706F82BD1DFA8008F7244 /* profile.swift */; };
/* End PBXBuildFile section */

/* Begin PBXFileReference section */
		C7A4CC0F2BBF9491001F3BE5 /* coStar.app */ = {isa = PBXFileReference; explicitFileType = wrapper.application; includeInIndex = 0; path = coStar.app; sourceTree = BUILT_PRODUCTS_DIR; };
		C7A4CC122BBF9491001F3BE5 /* coStarApp.swift */ = {isa = PBXFileReference; lastKnownFileType = sourcecode.swift; path = coStarApp.swift; sourceTree = "<group>"; };
		C7A4CC142BBF9491001F3BE5 /* ContentView.swift */ = {isa = PBXFileReference; lastKnownFileType = sourcecode.swift; path = ContentView.swift; sourceTree = "<group>"; };
		C7A4CC162BBF9493001F3BE5 /* Assets.xcassets */ = {isa = PBXFileReference; lastKnownFileType = folder.assetcatalog; path = Assets.xcassets; sourceTree = "<group>"; };
		C7A4CC192BBF9493001F3BE5 /* Preview Assets.xcassets */ = {isa = PBXFileReference; lastKnownFileType = folder.assetcatalog; path = "Preview Assets.xcassets"; sourceTree = "<group>"; };
		C7A4CC202BBF96E9001F3BE5 /* LoadingView.swift */ = {isa = PBXFileReference; lastKnownFileType = sourcecode.swift; path = LoadingView.swift; sourceTree = "<group>"; };
		C7A4CC222BBF9DAA001F3BE5 /* EndLoadView.swift */ = {isa = PBXFileReference; lastKnownFileType = sourcecode.swift; path = EndLoadView.swift; sourceTree = "<group>"; };
		C7A4CC272BBFA6FE001F3BE5 /* Consolas.ttf */ = {isa = PBXFileReference; lastKnownFileType = file; path = Consolas.ttf; sourceTree = "<group>"; };
		C7A4CC292BBFA800001F3BE5 /* Info.plist */ = {isa = PBXFileReference; lastKnownFileType = text.plist; path = Info.plist; sourceTree = "<group>"; };
		C7B7EBCC2BD5927900254A01 /* SearchBarView.swift */ = {isa = PBXFileReference; lastKnownFileType = sourcecode.swift; path = SearchBarView.swift; sourceTree = "<group>"; };
		C7B7EBCE2BD5A4EF00254A01 /* FriendAddView.swift */ = {isa = PBXFileReference; lastKnownFileType = sourcecode.swift; path = FriendAddView.swift; sourceTree = "<group>"; };
		C7B7EBD02BD616A600254A01 /* UpdateView.swift */ = {isa = PBXFileReference; lastKnownFileType = sourcecode.swift; path = UpdateView.swift; sourceTree = "<group>"; };
		C7B7EBD22BD616B700254A01 /* ChartView.swift */ = {isa = PBXFileReference; lastKnownFileType = sourcecode.swift; path = ChartView.swift; sourceTree = "<group>"; };
		C7B7EBD42BD616DC00254A01 /* SavedView.swift */ = {isa = PBXFileReference; lastKnownFileType = sourcecode.swift; path = SavedView.swift; sourceTree = "<group>"; };
		C7B7EBD62BD616FC00254A01 /* SettingView.swift */ = {isa = PBXFileReference; lastKnownFileType = sourcecode.swift; path = SettingView.swift; sourceTree = "<group>"; };
		C7B7EBDA2BD61E7500254A01 /* UpdateyView.swift */ = {isa = PBXFileReference; lastKnownFileType = sourcecode.swift; path = UpdateyView.swift; sourceTree = "<group>"; };
		C7CD64452BD4E02800EF296D /* ProfileView.swift */ = {isa = PBXFileReference; lastKnownFileType = sourcecode.swift; path = ProfileView.swift; sourceTree = "<group>"; };
		C7F706EB2BCF9E85008F7244 /* OPTIRomanaRoman-Normal.otf */ = {isa = PBXFileReference; lastKnownFileType = file; path = "OPTIRomanaRoman-Normal.otf"; sourceTree = "<group>"; };
		C7F706ED2BD1AEC4008F7244 /* FriendsView.swift */ = {isa = PBXFileReference; lastKnownFileType = sourcecode.swift; path = FriendsView.swift; sourceTree = "<group>"; };
		C7F706EF2BD1B28C008F7244 /* ShopView.swift */ = {isa = PBXFileReference; lastKnownFileType = sourcecode.swift; path = ShopView.swift; sourceTree = "<group>"; };
		C7F706F12BD1B2BB008F7244 /* YouView.swift */ = {isa = PBXFileReference; lastKnownFileType = sourcecode.swift; path = YouView.swift; sourceTree = "<group>"; };
		C7F706F52BD1DC63008F7244 /* FemaleMaleView.swift */ = {isa = PBXFileReference; lastKnownFileType = sourcecode.swift; path = FemaleMaleView.swift; sourceTree = "<group>"; };
		C7F706F82BD1DFA8008F7244 /* profile.swift */ = {isa = PBXFileReference; lastKnownFileType = sourcecode.swift; path = profile.swift; sourceTree = "<group>"; };
/* End PBXFileReference section */

/* Begin PBXFrameworksBuildPhase section */
		C7A4CC0C2BBF9491001F3BE5 /* Frameworks */ = {
			isa = PBXFrameworksBuildPhase;
			buildActionMask = 2147483647;
			files = (
			);
			runOnlyForDeploymentPostprocessing = 0;
		};
/* End PBXFrameworksBuildPhase section */

/* Begin PBXGroup section */
		C7A4CC062BBF9491001F3BE5 = {
			isa = PBXGroup;
			children = (
				C7A4CC112BBF9491001F3BE5 /* coStar */,
				C7A4CC102BBF9491001F3BE5 /* Products */,
			);
			sourceTree = "<group>";
		};
		C7A4CC102BBF9491001F3BE5 /* Products */ = {
			isa = PBXGroup;
			children = (
				C7A4CC0F2BBF9491001F3BE5 /* coStar.app */,
			);
			name = Products;
			sourceTree = "<group>";
		};
		C7A4CC112BBF9491001F3BE5 /* coStar */ = {
			isa = PBXGroup;
			children = (
				C7F706F72BD1DF8F008F7244 /* Model */,
				C7A4CC292BBFA800001F3BE5 /* Info.plist */,
				C7A4CC242BBFA538001F3BE5 /* Font */,
				C7A4CC122BBF9491001F3BE5 /* coStarApp.swift */,
				C7A4CC142BBF9491001F3BE5 /* ContentView.swift */,
				C7A4CC162BBF9493001F3BE5 /* Assets.xcassets */,
				C7A4CC182BBF9493001F3BE5 /* Preview Content */,
				C7A4CC202BBF96E9001F3BE5 /* LoadingView.swift */,
				C7CD64452BD4E02800EF296D /* ProfileView.swift */,
				C7A4CC222BBF9DAA001F3BE5 /* EndLoadView.swift */,
				C7F706ED2BD1AEC4008F7244 /* FriendsView.swift */,
				C7F706EF2BD1B28C008F7244 /* ShopView.swift */,
				C7F706F12BD1B2BB008F7244 /* YouView.swift */,
				C7F706F52BD1DC63008F7244 /* FemaleMaleView.swift */,
				C7B7EBCC2BD5927900254A01 /* SearchBarView.swift */,
				C7B7EBCE2BD5A4EF00254A01 /* FriendAddView.swift */,
				C7B7EBD02BD616A600254A01 /* UpdateView.swift */,
				C7B7EBD22BD616B700254A01 /* ChartView.swift */,
				C7B7EBD42BD616DC00254A01 /* SavedView.swift */,
				C7B7EBD62BD616FC00254A01 /* SettingView.swift */,
				C7B7EBDA2BD61E7500254A01 /* UpdateyView.swift */,
			);
			path = coStar;
			sourceTree = "<group>";
		};
		C7A4CC182BBF9493001F3BE5 /* Preview Content */ = {
			isa = PBXGroup;
			children = (
				C7A4CC192BBF9493001F3BE5 /* Preview Assets.xcassets */,
			);
			path = "Preview Content";
			sourceTree = "<group>";
		};
		C7A4CC242BBFA538001F3BE5 /* Font */ = {
			isa = PBXGroup;
			children = (
				C7F706EB2BCF9E85008F7244 /* OPTIRomanaRoman-Normal.otf */,
				C7A4CC272BBFA6FE001F3BE5 /* Consolas.ttf */,
			);
			path = Font;
			sourceTree = "<group>";
		};
		C7F706F72BD1DF8F008F7244 /* Model */ = {
			isa = PBXGroup;
			children = (
				C7F706F82BD1DFA8008F7244 /* profile.swift */,
			);
			path = Model;
			sourceTree = "<group>";
		};
/* End PBXGroup section */

/* Begin PBXNativeTarget section */
		C7A4CC0E2BBF9491001F3BE5 /* coStar */ = {
			isa = PBXNativeTarget;
			buildConfigurationList = C7A4CC1D2BBF9493001F3BE5 /* Build configuration list for PBXNativeTarget "coStar" */;
			buildPhases = (
				C7A4CC0B2BBF9491001F3BE5 /* Sources */,
				C7A4CC0C2BBF9491001F3BE5 /* Frameworks */,
				C7A4CC0D2BBF9491001F3BE5 /* Resources */,
			);
			buildRules = (
			);
			dependencies = (
			);
			name = coStar;
			productName = coStar;
			productReference = C7A4CC0F2BBF9491001F3BE5 /* coStar.app */;
			productType = "com.apple.product-type.application";
		};
/* End PBXNativeTarget section */

/* Begin PBXProject section */
		C7A4CC072BBF9491001F3BE5 /* Project object */ = {
			isa = PBXProject;
			attributes = {
				BuildIndependentTargetsInParallel = 1;
				LastSwiftUpdateCheck = 1520;
				LastUpgradeCheck = 1520;
				TargetAttributes = {
					C7A4CC0E2BBF9491001F3BE5 = {
						CreatedOnToolsVersion = 15.2;
					};
				};
			};
			buildConfigurationList = C7A4CC0A2BBF9491001F3BE5 /* Build configuration list for PBXProject "coStar" */;
			compatibilityVersion = "Xcode 14.0";
			developmentRegion = en;
			hasScannedForEncodings = 0;
			knownRegions = (
				en,
				Base,
			);
			mainGroup = C7A4CC062BBF9491001F3BE5;
			productRefGroup = C7A4CC102BBF9491001F3BE5 /* Products */;
			projectDirPath = "";
			projectRoot = "";
			targets = (
				C7A4CC0E2BBF9491001F3BE5 /* coStar */,
			);
		};
/* End PBXProject section */

/* Begin PBXResourcesBuildPhase section */
		C7A4CC0D2BBF9491001F3BE5 /* Resources */ = {
			isa = PBXResourcesBuildPhase;
			buildActionMask = 2147483647;
			files = (
				C7A4CC282BBFA6FE001F3BE5 /* Consolas.ttf in Resources */,
				C7A4CC1A2BBF9493001F3BE5 /* Preview Assets.xcassets in Resources */,
				C7F706EC2BCF9E85008F7244 /* OPTIRomanaRoman-Normal.otf in Resources */,
				C7A4CC172BBF9493001F3BE5 /* Assets.xcassets in Resources */,
			);
			runOnlyForDeploymentPostprocessing = 0;
		};
/* End PBXResourcesBuildPhase section */

/* Begin PBXSourcesBuildPhase section */
		C7A4CC0B2BBF9491001F3BE5 /* Sources */ = {
			isa = PBXSourcesBuildPhase;
			buildActionMask = 2147483647;
			files = (
				C7F706F92BD1DFA8008F7244 /* profile.swift in Sources */,
				C7B7EBD12BD616A600254A01 /* UpdateView.swift in Sources */,
				C7F706F02BD1B28C008F7244 /* ShopView.swift in Sources */,
				C7B7EBD32BD616B700254A01 /* ChartView.swift in Sources */,
				C7CD64462BD4E02800EF296D /* ProfileView.swift in Sources */,
				C7B7EBD72BD616FC00254A01 /* SettingView.swift in Sources */,
				C7F706EE2BD1AEC4008F7244 /* FriendsView.swift in Sources */,
				C7A4CC152BBF9491001F3BE5 /* ContentView.swift in Sources */,
				C7F706F62BD1DC64008F7244 /* FemaleMaleView.swift in Sources */,
				C7B7EBCF2BD5A4EF00254A01 /* FriendAddView.swift in Sources */,
				C7A4CC132BBF9491001F3BE5 /* coStarApp.swift in Sources */,
				C7B7EBDB2BD61E7500254A01 /* UpdateyView.swift in Sources */,
				C7B7EBCD2BD5927900254A01 /* SearchBarView.swift in Sources */,
				C7B7EBD52BD616DC00254A01 /* SavedView.swift in Sources */,
				C7A4CC232BBF9DAB001F3BE5 /* EndLoadView.swift in Sources */,
				C7A4CC212BBF96E9001F3BE5 /* LoadingView.swift in Sources */,
				C7F706F22BD1B2BB008F7244 /* YouView.swift in Sources */,
			);
			runOnlyForDeploymentPostprocessing = 0;
		};
/* End PBXSourcesBuildPhase section */

/* Begin XCBuildConfiguration section */
		C7A4CC1B2BBF9493001F3BE5 /* Debug */ = {
			isa = XCBuildConfiguration;
			buildSettings = {
				ALWAYS_SEARCH_USER_PATHS = NO;
				ASSETCATALOG_COMPILER_GENERATE_SWIFT_ASSET_SYMBOL_EXTENSIONS = YES;
				CLANG_ANALYZER_NONNULL = YES;
				CLANG_ANALYZER_NUMBER_OBJECT_CONVERSION = YES_AGGRESSIVE;
				CLANG_CXX_LANGUAGE_STANDARD = "gnu++20";
				CLANG_ENABLE_MODULES = YES;
				CLANG_ENABLE_OBJC_ARC = YES;
				CLANG_ENABLE_OBJC_WEAK = YES;
				CLANG_WARN_BLOCK_CAPTURE_AUTORELEASING = YES;
				CLANG_WARN_BOOL_CONVERSION = YES;
				CLANG_WARN_COMMA = YES;
				CLANG_WARN_CONSTANT_CONVERSION = YES;
				CLANG_WARN_DEPRECATED_OBJC_IMPLEMENTATIONS = YES;
				CLANG_WARN_DIRECT_OBJC_ISA_USAGE = YES_ERROR;
				CLANG_WARN_DOCUMENTATION_COMMENTS = YES;
				CLANG_WARN_EMPTY_BODY = YES;
				CLANG_WARN_ENUM_CONVERSION = YES;
				CLANG_WARN_INFINITE_RECURSION = YES;
				CLANG_WARN_INT_CONVERSION = YES;
				CLANG_WARN_NON_LITERAL_NULL_CONVERSION = YES;
				CLANG_WARN_OBJC_IMPLICIT_RETAIN_SELF = YES;
				CLANG_WARN_OBJC_LITERAL_CONVERSION = YES;
				CLANG_WARN_OBJC_ROOT_CLASS = YES_ERROR;
				CLANG_WARN_QUOTED_INCLUDE_IN_FRAMEWORK_HEADER = YES;
				CLANG_WARN_RANGE_LOOP_ANALYSIS = YES;
				CLANG_WARN_STRICT_PROTOTYPES = YES;
				CLANG_WARN_SUSPICIOUS_MOVE = YES;
				CLANG_WARN_UNGUARDED_AVAILABILITY = YES_AGGRESSIVE;
				CLANG_WARN_UNREACHABLE_CODE = YES;
				CLANG_WARN__DUPLICATE_METHOD_MATCH = YES;
				COPY_PHASE_STRIP = NO;
				DEBUG_INFORMATION_FORMAT = dwarf;
				ENABLE_STRICT_OBJC_MSGSEND = YES;
				ENABLE_TESTABILITY = YES;
				ENABLE_USER_SCRIPT_SANDBOXING = YES;
				GCC_C_LANGUAGE_STANDARD = gnu17;
				GCC_DYNAMIC_NO_PIC = NO;
				GCC_NO_COMMON_BLOCKS = YES;
				GCC_OPTIMIZATION_LEVEL = 0;
				GCC_PREPROCESSOR_DEFINITIONS = (
					"DEBUG=1",
					"$(inherited)",
				);
				GCC_WARN_64_TO_32_BIT_CONVERSION = YES;
				GCC_WARN_ABOUT_RETURN_TYPE = YES_ERROR;
				GCC_WARN_UNDECLARED_SELECTOR = YES;
				GCC_WARN_UNINITIALIZED_AUTOS = YES_AGGRESSIVE;
				GCC_WARN_UNUSED_FUNCTION = YES;
				GCC_WARN_UNUSED_VARIABLE = YES;
				IPHONEOS_DEPLOYMENT_TARGET = 17.2;
				LOCALIZATION_PREFERS_STRING_CATALOGS = YES;
				MTL_ENABLE_DEBUG_INFO = INCLUDE_SOURCE;
				MTL_FAST_MATH = YES;
				ONLY_ACTIVE_ARCH = YES;
				SDKROOT = iphoneos;
				SWIFT_ACTIVE_COMPILATION_CONDITIONS = "DEBUG $(inherited)";
				SWIFT_OPTIMIZATION_LEVEL = "-Onone";
			};
			name = Debug;
		};
		C7A4CC1C2BBF9493001F3BE5 /* Release */ = {
			isa = XCBuildConfiguration;
			buildSettings = {
				ALWAYS_SEARCH_USER_PATHS = NO;
				ASSETCATALOG_COMPILER_GENERATE_SWIFT_ASSET_SYMBOL_EXTENSIONS = YES;
				CLANG_ANALYZER_NONNULL = YES;
				CLANG_ANALYZER_NUMBER_OBJECT_CONVERSION = YES_AGGRESSIVE;
				CLANG_CXX_LANGUAGE_STANDARD = "gnu++20";
				CLANG_ENABLE_MODULES = YES;
				CLANG_ENABLE_OBJC_ARC = YES;
				CLANG_ENABLE_OBJC_WEAK = YES;
				CLANG_WARN_BLOCK_CAPTURE_AUTORELEASING = YES;
				CLANG_WARN_BOOL_CONVERSION = YES;
				CLANG_WARN_COMMA = YES;
				CLANG_WARN_CONSTANT_CONVERSION = YES;
				CLANG_WARN_DEPRECATED_OBJC_IMPLEMENTATIONS = YES;
				CLANG_WARN_DIRECT_OBJC_ISA_USAGE = YES_ERROR;
				CLANG_WARN_DOCUMENTATION_COMMENTS = YES;
				CLANG_WARN_EMPTY_BODY = YES;
				CLANG_WARN_ENUM_CONVERSION = YES;
				CLANG_WARN_INFINITE_RECURSION = YES;
				CLANG_WARN_INT_CONVERSION = YES;
				CLANG_WARN_NON_LITERAL_NULL_CONVERSION = YES;
				CLANG_WARN_OBJC_IMPLICIT_RETAIN_SELF = YES;
				CLANG_WARN_OBJC_LITERAL_CONVERSION = YES;
				CLANG_WARN_OBJC_ROOT_CLASS = YES_ERROR;
				CLANG_WARN_QUOTED_INCLUDE_IN_FRAMEWORK_HEADER = YES;
				CLANG_WARN_RANGE_LOOP_ANALYSIS = YES;
				CLANG_WARN_STRICT_PROTOTYPES = YES;
				CLANG_WARN_SUSPICIOUS_MOVE = YES;
				CLANG_WARN_UNGUARDED_AVAILABILITY = YES_AGGRESSIVE;
				CLANG_WARN_UNREACHABLE_CODE = YES;
				CLANG_WARN__DUPLICATE_METHOD_MATCH = YES;
				COPY_PHASE_STRIP = NO;
				DEBUG_INFORMATION_FORMAT = "dwarf-with-dsym";
				ENABLE_NS_ASSERTIONS = NO;
				ENABLE_STRICT_OBJC_MSGSEND = YES;
				ENABLE_USER_SCRIPT_SANDBOXING = YES;
				GCC_C_LANGUAGE_STANDARD = gnu17;
				GCC_NO_COMMON_BLOCKS = YES;
				GCC_WARN_64_TO_32_BIT_CONVERSION = YES;
				GCC_WARN_ABOUT_RETURN_TYPE = YES_ERROR;
				GCC_WARN_UNDECLARED_SELECTOR = YES;
				GCC_WARN_UNINITIALIZED_AUTOS = YES_AGGRESSIVE;
				GCC_WARN_UNUSED_FUNCTION = YES;
				GCC_WARN_UNUSED_VARIABLE = YES;
				IPHONEOS_DEPLOYMENT_TARGET = 17.2;
				LOCALIZATION_PREFERS_STRING_CATALOGS = YES;
				MTL_ENABLE_DEBUG_INFO = NO;
				MTL_FAST_MATH = YES;
				SDKROOT = iphoneos;
				SWIFT_COMPILATION_MODE = wholemodule;
				VALIDATE_PRODUCT = YES;
			};
			name = Release;
		};
		C7A4CC1E2BBF9493001F3BE5 /* Debug */ = {
			isa = XCBuildConfiguration;
			buildSettings = {
				ASSETCATALOG_COMPILER_APPICON_NAME = AppIcon;
				ASSETCATALOG_COMPILER_GLOBAL_ACCENT_COLOR_NAME = AccentColor;
				CODE_SIGN_STYLE = Automatic;
				CURRENT_PROJECT_VERSION = 1;
				DEVELOPMENT_ASSET_PATHS = "\"coStar/Preview Content\"";
				DEVELOPMENT_TEAM = 7LPL7VLSCA;
				ENABLE_PREVIEWS = YES;
				GENERATE_INFOPLIST_FILE = YES;
				INFOPLIST_FILE = coStar/Info.plist;
				INFOPLIST_KEY_LSApplicationCategoryType = "";
				INFOPLIST_KEY_UIApplicationSceneManifest_Generation = YES;
				INFOPLIST_KEY_UIApplicationSupportsIndirectInputEvents = YES;
				INFOPLIST_KEY_UILaunchScreen_Generation = YES;
				INFOPLIST_KEY_UISupportedInterfaceOrientations_iPad = "\"\" UIInterfaceOrientationPortrait UIInterfaceOrientationPortrait UIInterfaceOrientationPortraitUpsideDown UIInterfaceOrientationLandscapeLeft UIInterfaceOrientationLandscapeRight";
				INFOPLIST_KEY_UISupportedInterfaceOrientations_iPhone = "UIInterfaceOrientationPortrait UIInterfaceOrientationLandscapeLeft UIInterfaceOrientationLandscapeRight";
				LD_RUNPATH_SEARCH_PATHS = (
					"$(inherited)",
					"@executable_path/Frameworks",
				);
				MARKETING_VERSION = 1.0;
				PRODUCT_BUNDLE_IDENTIFIER = upasanalamsal.coStar;
				PRODUCT_NAME = "$(TARGET_NAME)";
				SWIFT_EMIT_LOC_STRINGS = YES;
				SWIFT_VERSION = 5.0;
				TARGETED_DEVICE_FAMILY = "1,2";
			};
			name = Debug;
		};
		C7A4CC1F2BBF9493001F3BE5 /* Release */ = {
			isa = XCBuildConfiguration;
			buildSettings = {
				ASSETCATALOG_COMPILER_APPICON_NAME = AppIcon;
				ASSETCATALOG_COMPILER_GLOBAL_ACCENT_COLOR_NAME = AccentColor;
				CODE_SIGN_STYLE = Automatic;
				CURRENT_PROJECT_VERSION = 1;
				DEVELOPMENT_ASSET_PATHS = "\"coStar/Preview Content\"";
				DEVELOPMENT_TEAM = 7LPL7VLSCA;
				ENABLE_PREVIEWS = YES;
				GENERATE_INFOPLIST_FILE = YES;
				INFOPLIST_FILE = coStar/Info.plist;
				INFOPLIST_KEY_LSApplicationCategoryType = "";
				INFOPLIST_KEY_UIApplicationSceneManifest_Generation = YES;
				INFOPLIST_KEY_UIApplicationSupportsIndirectInputEvents = YES;
				INFOPLIST_KEY_UILaunchScreen_Generation = YES;
				INFOPLIST_KEY_UISupportedInterfaceOrientations_iPad = "\"\" UIInterfaceOrientationPortrait UIInterfaceOrientationPortrait UIInterfaceOrientationPortraitUpsideDown UIInterfaceOrientationLandscapeLeft UIInterfaceOrientationLandscapeRight";
				INFOPLIST_KEY_UISupportedInterfaceOrientations_iPhone = "UIInterfaceOrientationPortrait UIInterfaceOrientationLandscapeLeft UIInterfaceOrientationLandscapeRight";
				LD_RUNPATH_SEARCH_PATHS = (
					"$(inherited)",
					"@executable_path/Frameworks",
				);
				MARKETING_VERSION = 1.0;
				PRODUCT_BUNDLE_IDENTIFIER = upasanalamsal.coStar;
				PRODUCT_NAME = "$(TARGET_NAME)";
				SWIFT_EMIT_LOC_STRINGS = YES;
				SWIFT_VERSION = 5.0;
				TARGETED_DEVICE_FAMILY = "1,2";
			};
			name = Release;
		};
/* End XCBuildConfiguration section */

/* Begin XCConfigurationList section */
		C7A4CC0A2BBF9491001F3BE5 /* Build configuration list for PBXProject "coStar" */ = {
			isa = XCConfigurationList;
			buildConfigurations = (
				C7A4CC1B2BBF9493001F3BE5 /* Debug */,
				C7A4CC1C2BBF9493001F3BE5 /* Release */,
			);
			defaultConfigurationIsVisible = 0;
			defaultConfigurationName = Release;
		};
		C7A4CC1D2BBF9493001F3BE5 /* Build configuration list for PBXNativeTarget "coStar" */ = {
			isa = XCConfigurationList;
			buildConfigurations = (
				C7A4CC1E2BBF9493001F3BE5 /* Debug */,
				C7A4CC1F2BBF9493001F3BE5 /* Release */,
			);
			defaultConfigurationIsVisible = 0;
			defaultConfigurationName = Release;
		};
/* End XCConfigurationList section */
	};
	rootObject = C7A4CC072BBF9491001F3BE5 /* Project object */;
}
